{
  "requires": true,
  "lockfileVersion": 1,
  "dependencies": {
    "typeit": {
      "version": "5.5.2",
      "resolved": "https://registry.npmjs.org/typeit/-/typeit-5.5.2.tgz",
      "integrity": "sha512-bnCimQSSJw5pCcL7vgcCZGz+7IqzQ+jNjFp6oXbipfcp5c9sQgeYa7T0dImibWnMsbC/NUmTkVZYWpLkT8HWxA=="
    }
  }
}
